
Microsoft Visual Studio Solution File, Format Version 12.00
# Visual Studio Version 17
VisualStudioVersion = 17.14.36221.1 d17.14
MinimumVisualStudioVersion = 10.0.40219.1
Project("{FAE04EC0-301F-11D3-BF4B-00C04F79EFBC}") = "Sandbox", "Sandbox\Sandbox.csproj", "{66FF0963-F799-41E4-9B77-B50057952766}"
EndProject
Global
	GlobalSection(SolutionConfigurationPlatforms) = preSolution
		Debug|Any CPU = Debug|Any CPU
		Release|Any CPU = Release|Any CPU
	EndGlobalSection
	GlobalSection(ProjectConfigurationPlatforms) = postSolution
		{66FF0963-F799-41E4-9B77-B50057952766}.Debug|Any CPU.ActiveCfg = Debug|Any CPU
		{66FF0963-F799-41E4-9B77-B50057952766}.Debug|Any CPU.Build.0 = Debug|Any CPU
		{66FF0963-F799-41E4-9B77-B50057952766}.Release|Any CPU.ActiveCfg = Release|Any CPU
		{66FF0963-F799-41E4-9B77-B50057952766}.Release|Any CPU.Build.0 = Release|Any CPU
	EndGlobalSection
	GlobalSection(SolutionProperties) = preSolution
		HideSolutionNode = FALSE
	EndGlobalSection
	GlobalSection(ExtensibilityGlobals) = postSolution
		SolutionGuid = {0A02E61F-6ED5-4A12-AA36-559C6647EFA6}
	EndGlobalSection
EndGlobal
